
Microsoft Visual Studio Solution File, Format Version 12.00
# Visual Studio Version 17
VisualStudioVersion = 17.11.35327.3
MinimumVisualStudioVersion = 10.0.40219.1
Project("{FAE04EC0-301F-11D3-BF4B-00C04F79EFBC}") = "DashHigh", "DashHigh.csproj", "{2145A40D-431E-4728-807F-D10881C4E04A}"
EndProject
Global
	GlobalSection(SolutionConfigurationPlatforms) = preSolution
		Debug|Any CPU = Debug|Any CPU
		Release|Any CPU = Release|Any CPU
	EndGlobalSection
	GlobalSection(ProjectConfigurationPlatforms) = postSolution
		{2145A40D-431E-4728-807F-D10881C4E04A}.Debug|Any CPU.ActiveCfg = Debug|Any CPU
		{2145A40D-431E-4728-807F-D10881C4E04A}.Debug|Any CPU.Build.0 = Debug|Any CPU
		{2145A40D-431E-4728-807F-D10881C4E04A}.Release|Any CPU.ActiveCfg = Release|Any CPU
		{2145A40D-431E-4728-807F-D10881C4E04A}.Release|Any CPU.Build.0 = Release|Any CPU
	EndGlobalSection
	GlobalSection(SolutionProperties) = preSolution
		HideSolutionNode = FALSE
	EndGlobalSection
	GlobalSection(ExtensibilityGlobals) = postSolution
		SolutionGuid = {A5628173-81B3-4DAE-8B61-AA62E682F289}
	EndGlobalSection
EndGlobal
